
Microsoft Visual Studio Solution File, Format Version 12.00
# Visual Studio Version 17
VisualStudioVersion = 17.7.34221.43
MinimumVisualStudioVersion = 10.0.40219.1
Project("{FAE04EC0-301F-11D3-BF4B-00C04F79EFBC}") = "InterviewAI.Api", "InterviewAI.Api\InterviewAI.Api.csproj", "{4922BCA3-1D75-457F-BFDA-01C16E5483A2}"
EndProject
Project("{FAE04EC0-301F-11D3-BF4B-00C04F79EFBC}") = "InterviewAI.Managers", "InterviewAI.Managers\InterviewAI.Managers.csproj", "{1A4B9937-FBDC-4ED1-8729-C17603A7A2A1}"
EndProject
Project("{FAE04EC0-301F-11D3-BF4B-00C04F79EFBC}") = "InterviewAI.DataLayer", "InterviewAI.DataLayer\InterviewAI.DataLayer.csproj", "{4D9E70F6-DE85-40C2-9920-4D83179DFE3A}"
EndProject
Project("{FAE04EC0-301F-11D3-BF4B-00C04F79EFBC}") = "InterviewAI.Infrastructure", "InterviewAI.Infrastructure\InterviewAI.Infrastructure.csproj", "{F4A37DE7-2A95-4867-850F-DBDED854F01F}"
EndProject
Project("{FAE04EC0-301F-11D3-BF4B-00C04F79EFBC}") = "InterviewAI.Services", "InterviewAI.Services\InterviewAI.Services.csproj", "{32CBCECA-8AB7-427C-91AA-F2E9D1F2E858}"
EndProject
Global
	GlobalSection(SolutionConfigurationPlatforms) = preSolution
		Debug|Any CPU = Debug|Any CPU
		Release|Any CPU = Release|Any CPU
	EndGlobalSection
	GlobalSection(ProjectConfigurationPlatforms) = postSolution
		{4922BCA3-1D75-457F-BFDA-01C16E5483A2}.Debug|Any CPU.ActiveCfg = Debug|Any CPU
		{4922BCA3-1D75-457F-BFDA-01C16E5483A2}.Debug|Any CPU.Build.0 = Debug|Any CPU
		{4922BCA3-1D75-457F-BFDA-01C16E5483A2}.Release|Any CPU.ActiveCfg = Release|Any CPU
		{4922BCA3-1D75-457F-BFDA-01C16E5483A2}.Release|Any CPU.Build.0 = Release|Any CPU
		{1A4B9937-FBDC-4ED1-8729-C17603A7A2A1}.Debug|Any CPU.ActiveCfg = Debug|Any CPU
		{1A4B9937-FBDC-4ED1-8729-C17603A7A2A1}.Debug|Any CPU.Build.0 = Debug|Any CPU
		{1A4B9937-FBDC-4ED1-8729-C17603A7A2A1}.Release|Any CPU.ActiveCfg = Release|Any CPU
		{1A4B9937-FBDC-4ED1-8729-C17603A7A2A1}.Release|Any CPU.Build.0 = Release|Any CPU
		{4D9E70F6-DE85-40C2-9920-4D83179DFE3A}.Debug|Any CPU.ActiveCfg = Debug|Any CPU
		{4D9E70F6-DE85-40C2-9920-4D83179DFE3A}.Debug|Any CPU.Build.0 = Debug|Any CPU
		{4D9E70F6-DE85-40C2-9920-4D83179DFE3A}.Release|Any CPU.ActiveCfg = Release|Any CPU
		{4D9E70F6-DE85-40C2-9920-4D83179DFE3A}.Release|Any CPU.Build.0 = Release|Any CPU
		{F4A37DE7-2A95-4867-850F-DBDED854F01F}.Debug|Any CPU.ActiveCfg = Debug|Any CPU
		{F4A37DE7-2A95-4867-850F-DBDED854F01F}.Debug|Any CPU.Build.0 = Debug|Any CPU
		{F4A37DE7-2A95-4867-850F-DBDED854F01F}.Release|Any CPU.ActiveCfg = Release|Any CPU
		{F4A37DE7-2A95-4867-850F-DBDED854F01F}.Release|Any CPU.Build.0 = Release|Any CPU
		{32CBCECA-8AB7-427C-91AA-F2E9D1F2E858}.Debug|Any CPU.ActiveCfg = Debug|Any CPU
		{32CBCECA-8AB7-427C-91AA-F2E9D1F2E858}.Debug|Any CPU.Build.0 = Debug|Any CPU
		{32CBCECA-8AB7-427C-91AA-F2E9D1F2E858}.Release|Any CPU.ActiveCfg = Release|Any CPU
		{32CBCECA-8AB7-427C-91AA-F2E9D1F2E858}.Release|Any CPU.Build.0 = Release|Any CPU
	EndGlobalSection
	GlobalSection(SolutionProperties) = preSolution
		HideSolutionNode = FALSE
	EndGlobalSection
	GlobalSection(ExtensibilityGlobals) = postSolution
		SolutionGuid = {430E053F-6BA6-4A45-A29B-254599445EB3}
	EndGlobalSection
EndGlobal
